
Microsoft Visual Studio Solution File, Format Version 12.00
# Visual Studio 15
VisualStudioVersion = 15.0.27130.2036
MinimumVisualStudioVersion = 10.0.40219.1
Project("{FAE04EC0-301F-11D3-BF4B-00C04F79EFBC}") = "slek", "slek\slek.csproj", "{1F65C538-5C52-4927-B2B1-D76A61CC3458}"
EndProject
Global
	GlobalSection(SolutionConfigurationPlatforms) = preSolution
		Debug|Any CPU = Debug|Any CPU
		Release|Any CPU = Release|Any CPU
	EndGlobalSection
	GlobalSection(ProjectConfigurationPlatforms) = postSolution
		{1F65C538-5C52-4927-B2B1-D76A61CC3458}.Debug|Any CPU.ActiveCfg = Debug|Any CPU
		{1F65C538-5C52-4927-B2B1-D76A61CC3458}.Debug|Any CPU.Build.0 = Debug|Any CPU
		{1F65C538-5C52-4927-B2B1-D76A61CC3458}.Release|Any CPU.ActiveCfg = Release|Any CPU
		{1F65C538-5C52-4927-B2B1-D76A61CC3458}.Release|Any CPU.Build.0 = Release|Any CPU
	EndGlobalSection
	GlobalSection(SolutionProperties) = preSolution
		HideSolutionNode = FALSE
	EndGlobalSection
	GlobalSection(ExtensibilityGlobals) = postSolution
		SolutionGuid = {A2201310-8BF8-4EFE-991D-114CFA8E055B}
	EndGlobalSection
EndGlobal
